{
  "name": "purple-lib-r",
  "version": "1.0.2",
  "lockfileVersion": 1,
  "requires": true,
  "dependencies": {
    "purple-lib-q": {
      "version": "1.0.1",
      "resolved": "https://repo.dev.wixpress.com/artifactory/api/npm/npm-repos/purple-lib-q/-/purple-lib-q-1.0.1.tgz",
      "integrity": "sha1-WADoxV49pMUQxvE5/sJVMt8LY1o="
    }
  }
}
